// !$*UTF8*$!
{
	archiveVersion = 1;
	classes = {
	};
	objectVersion = 46;
	objects = {

/* Begin PBXBuildFile section */
		FA9761671A3F9F7A00C99EAA /* Foundation.framework in Frameworks */ = {isa = PBXBuildFile; fileRef = FA9761661A3F9F7A00C99EAA /* Foundation.framework */; };
		FA9761691A3F9F7A00C99EAA /* CoreGraphics.framework in Frameworks */ = {isa = PBXBuildFile; fileRef = FA9761681A3F9F7A00C99EAA /* CoreGraphics.framework */; };
		FA97616B1A3F9F7A00C99EAA /* UIKit.framework in Frameworks */ = {isa = PBXBuildFile; fileRef = FA97616A1A3F9F7A00C99EAA /* UIKit.framework */; };
		FA9761711A3F9F7A00C99EAA /* InfoPlist.strings in Resources */ = {isa = PBXBuildFile; fileRef = FA97616F1A3F9F7A00C99EAA /* InfoPlist.strings */; };
		FA9761731A3F9F7A00C99EAA /* main.m in Sources */ = {isa = PBXBuildFile; fileRef = FA9761721A3F9F7A00C99EAA /* main.m */; };
		FA9761771A3F9F7A00C99EAA /* millionaireAppDelegate.m in Sources */ = {isa = PBXBuildFile; fileRef = FA9761761A3F9F7A00C99EAA /* millionaireAppDelegate.m */; };
		FA97617A1A3F9F7A00C99EAA /* Main.storyboard in Resources */ = {isa = PBXBuildFile; fileRef = FA9761781A3F9F7A00C99EAA /* Main.storyboard */; };
		FA97617D1A3F9F7A00C99EAA /* millionaireViewController.m in Sources */ = {isa = PBXBuildFile; fileRef = FA97617C1A3F9F7A00C99EAA /* millionaireViewController.m */; };
		FA97617F1A3F9F7A00C99EAA /* Images.xcassets in Resources */ = {isa = PBXBuildFile; fileRef = FA97617E1A3F9F7A00C99EAA /* Images.xcassets */; };
		FA9761861A3F9F7A00C99EAA /* XCTest.framework in Frameworks */ = {isa = PBXBuildFile; fileRef = FA9761851A3F9F7A00C99EAA /* XCTest.framework */; };
		FA9761871A3F9F7A00C99EAA /* Foundation.framework in Frameworks */ = {isa = PBXBuildFile; fileRef = FA9761661A3F9F7A00C99EAA /* Foundation.framework */; };
		FA9761881A3F9F7A00C99EAA /* UIKit.framework in Frameworks */ = {isa = PBXBuildFile; fileRef = FA97616A1A3F9F7A00C99EAA /* UIKit.framework */; };
		FA9761901A3F9F7A00C99EAA /* InfoPlist.strings in Resources */ = {isa = PBXBuildFile; fileRef = FA97618E1A3F9F7A00C99EAA /* InfoPlist.strings */; };
		FA9761921A3F9F7A00C99EAA /* millionaireTests.m in Sources */ = {isa = PBXBuildFile; fileRef = FA9761911A3F9F7A00C99EAA /* millionaireTests.m */; };
/* End PBXBuildFile section */

/* Begin PBXContainerItemProxy section */
		FA9761891A3F9F7A00C99EAA /* PBXContainerItemProxy */ = {
			isa = PBXContainerItemProxy;
			containerPortal = FA97615B1A3F9F7A00C99EAA /* Project object */;
			proxyType = 1;
			remoteGlobalIDString = FA9761621A3F9F7A00C99EAA;
			remoteInfo = millionaire;
		};
/* End PBXContainerItemProxy section */

/* Begin PBXFileReference section */
		FA9761631A3F9F7A00C99EAA /* millionaire.app */ = {isa = PBXFileReference; explicitFileType = wrapper.application; includeInIndex = 0; path = millionaire.app; sourceTree = BUILT_PRODUCTS_DIR; };
		FA9761661A3F9F7A00C99EAA /* Foundation.framework */ = {isa = PBXFileReference; lastKnownFileType = wrapper.framework; name = Foundation.framework; path = System/Library/Frameworks/Foundation.framework; sourceTree = SDKROOT; };
		FA9761681A3F9F7A00C99EAA /* CoreGraphics.framework */ = {isa = PBXFileReference; lastKnownFileType = wrapper.framework; name = CoreGraphics.framework; path = System/Library/Frameworks/CoreGraphics.framework; sourceTree = SDKROOT; };
		FA97616A1A3F9F7A00C99EAA /* UIKit.framework */ = {isa = PBXFileReference; lastKnownFileType = wrapper.framework; name = UIKit.framework; path = System/Library/Frameworks/UIKit.framework; sourceTree = SDKROOT; };
		FA97616E1A3F9F7A00C99EAA /* millionaire-Info.plist */ = {isa = PBXFileReference; lastKnownFileType = text.plist.xml; path = "millionaire-Info.plist"; sourceTree = "<group>"; };
		FA9761701A3F9F7A00C99EAA /* en */ = {isa = PBXFileReference; lastKnownFileType = text.plist.strings; name = en; path = en.lproj/InfoPlist.strings; sourceTree = "<group>"; };
		FA9761721A3F9F7A00C99EAA /* main.m */ = {isa = PBXFileReference; lastKnownFileType = sourcecode.c.objc; path = main.m; sourceTree = "<group>"; };
		FA9761741A3F9F7A00C99EAA /* millionaire-Prefix.pch */ = {isa = PBXFileReference; lastKnownFileType = sourcecode.c.h; path = "millionaire-Prefix.pch"; sourceTree = "<group>"; };
		FA9761751A3F9F7A00C99EAA /* millionaireAppDelegate.h */ = {isa = PBXFileReference; lastKnownFileType = sourcecode.c.h; path = millionaireAppDelegate.h; sourceTree = "<group>"; };
		FA9761761A3F9F7A00C99EAA /* millionaireAppDelegate.m */ = {isa = PBXFileReference; lastKnownFileType = sourcecode.c.objc; path = millionaireAppDelegate.m; sourceTree = "<group>"; };
		FA9761791A3F9F7A00C99EAA /* Base */ = {isa = PBXFileReference; lastKnownFileType = file.storyboard; name = Base; path = Base.lproj/Main.storyboard; sourceTree = "<group>"; };
		FA97617B1A3F9F7A00C99EAA /* millionaireViewController.h */ = {isa = PBXFileReference; lastKnownFileType = sourcecode.c.h; path = millionaireViewController.h; sourceTree = "<group>"; };
		FA97617C1A3F9F7A00C99EAA /* millionaireViewController.m */ = {isa = PBXFileReference; lastKnownFileType = sourcecode.c.objc; path = millionaireViewController.m; sourceTree = "<group>"; };
		FA97617E1A3F9F7A00C99EAA /* Images.xcassets */ = {isa = PBXFileReference; lastKnownFileType = folder.assetcatalog; path = Images.xcassets; sourceTree = "<group>"; };
		FA9761841A3F9F7A00C99EAA /* millionaireTests.xctest */ = {isa = PBXFileReference; explicitFileType = wrapper.cfbundle; includeInIndex = 0; path = millionaireTests.xctest; sourceTree = BUILT_PRODUCTS_DIR; };
		FA9761851A3F9F7A00C99EAA /* XCTest.framework */ = {isa = PBXFileReference; lastKnownFileType = wrapper.framework; name = XCTest.framework; path = Library/Frameworks/XCTest.framework; sourceTree = DEVELOPER_DIR; };
		FA97618D1A3F9F7A00C99EAA /* millionaireTests-Info.plist */ = {isa = PBXFileReference; lastKnownFileType = text.plist.xml; path = "millionaireTests-Info.plist"; sourceTree = "<group>"; };
		FA97618F1A3F9F7A00C99EAA /* en */ = {isa = PBXFileReference; lastKnownFileType = text.plist.strings; name = en; path = en.lproj/InfoPlist.strings; sourceTree = "<group>"; };
		FA9761911A3F9F7A00C99EAA /* millionaireTests.m */ = {isa = PBXFileReference; lastKnownFileType = sourcecode.c.objc; path = millionaireTests.m; sourceTree = "<group>"; };
/* End PBXFileReference section */

/* Begin PBXFrameworksBuildPhase section */
		FA9761601A3F9F7A00C99EAA /* Frameworks */ = {
			isa = PBXFrameworksBuildPhase;
			buildActionMask = 2147483647;
			files = (
				FA9761691A3F9F7A00C99EAA /* CoreGraphics.framework in Frameworks */,
				FA97616B1A3F9F7A00C99EAA /* UIKit.framework in Frameworks */,
				FA9761671A3F9F7A00C99EAA /* Foundation.framework in Frameworks */,
			);
			runOnlyForDeploymentPostprocessing = 0;
		};
		FA9761811A3F9F7A00C99EAA /* Frameworks */ = {
			isa = PBXFrameworksBuildPhase;
			buildActionMask = 2147483647;
			files = (
				FA9761861A3F9F7A00C99EAA /* XCTest.framework in Frameworks */,
				FA9761881A3F9F7A00C99EAA /* UIKit.framework in Frameworks */,
				FA9761871A3F9F7A00C99EAA /* Foundation.framework in Frameworks */,
			);
			runOnlyForDeploymentPostprocessing = 0;
		};
/* End PBXFrameworksBuildPhase section */

/* Begin PBXGroup section */
		FA97615A1A3F9F7A00C99EAA = {
			isa = PBXGroup;
			children = (
				FA97616C1A3F9F7A00C99EAA /* millionaire */,
				FA97618B1A3F9F7A00C99EAA /* millionaireTests */,
				FA9761651A3F9F7A00C99EAA /* Frameworks */,
				FA9761641A3F9F7A00C99EAA /* Products */,
			);
			sourceTree = "<group>";
		};
		FA9761641A3F9F7A00C99EAA /* Products */ = {
			isa = PBXGroup;
			children = (
				FA9761631A3F9F7A00C99EAA /* millionaire.app */,
				FA9761841A3F9F7A00C99EAA /* millionaireTests.xctest */,
			);
			name = Products;
			sourceTree = "<group>";
		};
		FA9761651A3F9F7A00C99EAA /* Frameworks */ = {
			isa = PBXGroup;
			children = (
				FA9761661A3F9F7A00C99EAA /* Foundation.framework */,
				FA9761681A3F9F7A00C99EAA /* CoreGraphics.framework */,
				FA97616A1A3F9F7A00C99EAA /* UIKit.framework */,
				FA9761851A3F9F7A00C99EAA /* XCTest.framework */,
			);
			name = Frameworks;
			sourceTree = "<group>";
		};
		FA97616C1A3F9F7A00C99EAA /* millionaire */ = {
			isa = PBXGroup;
			children = (
				FA9761751A3F9F7A00C99EAA /* millionaireAppDelegate.h */,
				FA9761761A3F9F7A00C99EAA /* millionaireAppDelegate.m */,
				FA9761781A3F9F7A00C99EAA /* Main.storyboard */,
				FA97617B1A3F9F7A00C99EAA /* millionaireViewController.h */,
				FA97617C1A3F9F7A00C99EAA /* millionaireViewController.m */,
				FA97617E1A3F9F7A00C99EAA /* Images.xcassets */,
				FA97616D1A3F9F7A00C99EAA /* Supporting Files */,
			);
			path = millionaire;
			sourceTree = "<group>";
		};
		FA97616D1A3F9F7A00C99EAA /* Supporting Files */ = {
			isa = PBXGroup;
			children = (
				FA97616E1A3F9F7A00C99EAA /* millionaire-Info.plist */,
				FA97616F1A3F9F7A00C99EAA /* InfoPlist.strings */,
				FA9761721A3F9F7A00C99EAA /* main.m */,
				FA9761741A3F9F7A00C99EAA /* millionaire-Prefix.pch */,
			);
			name = "Supporting Files";
			sourceTree = "<group>";
		};
		FA97618B1A3F9F7A00C99EAA /* millionaireTests */ = {
			isa = PBXGroup;
			children = (
				FA9761911A3F9F7A00C99EAA /* millionaireTests.m */,
				FA97618C1A3F9F7A00C99EAA /* Supporting Files */,
			);
			path = millionaireTests;
			sourceTree = "<group>";
		};
		FA97618C1A3F9F7A00C99EAA /* Supporting Files */ = {
			isa = PBXGroup;
			children = (
				FA97618D1A3F9F7A00C99EAA /* millionaireTests-Info.plist */,
				FA97618E1A3F9F7A00C99EAA /* InfoPlist.strings */,
			);
			name = "Supporting Files";
			sourceTree = "<group>";
		};
/* End PBXGroup section */

/* Begin PBXNativeTarget section */
		FA9761621A3F9F7A00C99EAA /* millionaire */ = {
			isa = PBXNativeTarget;
			buildConfigurationList = FA9761951A3F9F7A00C99EAA /* Build configuration list for PBXNativeTarget "millionaire" */;
			buildPhases = (
				FA97615F1A3F9F7A00C99EAA /* Sources */,
				FA9761601A3F9F7A00C99EAA /* Frameworks */,
				FA9761611A3F9F7A00C99EAA /* Resources */,
			);
			buildRules = (
			);
			dependencies = (
			);
			name = millionaire;
			productName = millionaire;
			productReference = FA9761631A3F9F7A00C99EAA /* millionaire.app */;
			productType = "com.apple.product-type.application";
		};
		FA9761831A3F9F7A00C99EAA /* millionaireTests */ = {
			isa = PBXNativeTarget;
			buildConfigurationList = FA9761981A3F9F7A00C99EAA /* Build configuration list for PBXNativeTarget "millionaireTests" */;
			buildPhases = (
				FA9761801A3F9F7A00C99EAA /* Sources */,
				FA9761811A3F9F7A00C99EAA /* Frameworks */,
				FA9761821A3F9F7A00C99EAA /* Resources */,
			);
			buildRules = (
			);
			dependencies = (
				FA97618A1A3F9F7A00C99EAA /* PBXTargetDependency */,
			);
			name = millionaireTests;
			productName = millionaireTests;
			productReference = FA9761841A3F9F7A00C99EAA /* millionaireTests.xctest */;
			productType = "com.apple.product-type.bundle.unit-test";
		};
/* End PBXNativeTarget section */

/* Begin PBXProject section */
		FA97615B1A3F9F7A00C99EAA /* Project object */ = {
			isa = PBXProject;
			attributes = {
				CLASSPREFIX = millionaire;
				LastUpgradeCheck = 0510;
				ORGANIZATIONNAME = duyPhan;
				TargetAttributes = {
					FA9761831A3F9F7A00C99EAA = {
						TestTargetID = FA9761621A3F9F7A00C99EAA;
					};
				};
			};
			buildConfigurationList = FA97615E1A3F9F7A00C99EAA /* Build configuration list for PBXProject "millionaire" */;
			compatibilityVersion = "Xcode 3.2";
			developmentRegion = English;
			hasScannedForEncodings = 0;
			knownRegions = (
				en,
				Base,
			);
			mainGroup = FA97615A1A3F9F7A00C99EAA;
			productRefGroup = FA9761641A3F9F7A00C99EAA /* Products */;
			projectDirPath = "";
			projectRoot = "";
			targets = (
				FA9761621A3F9F7A00C99EAA /* millionaire */,
				FA9761831A3F9F7A00C99EAA /* millionaireTests */,
			);
		};
/* End PBXProject section */

/* Begin PBXResourcesBuildPhase section */
		FA9761611A3F9F7A00C99EAA /* Resources */ = {
			isa = PBXResourcesBuildPhase;
			buildActionMask = 2147483647;
			files = (
				FA97617F1A3F9F7A00C99EAA /* Images.xcassets in Resources */,
				FA9761711A3F9F7A00C99EAA /* InfoPlist.strings in Resources */,
				FA97617A1A3F9F7A00C99EAA /* Main.storyboard in Resources */,
			);
			runOnlyForDeploymentPostprocessing = 0;
		};
		FA9761821A3F9F7A00C99EAA /* Resources */ = {
			isa = PBXResourcesBuildPhase;
			buildActionMask = 2147483647;
			files = (
				FA9761901A3F9F7A00C99EAA /* InfoPlist.strings in Resources */,
			);
			runOnlyForDeploymentPostprocessing = 0;
		};
/* End PBXResourcesBuildPhase section */

/* Begin PBXSourcesBuildPhase section */
		FA97615F1A3F9F7A00C99EAA /* Sources */ = {
			isa = PBXSourcesBuildPhase;
			buildActionMask = 2147483647;
			files = (
				FA9761771A3F9F7A00C99EAA /* millionaireAppDelegate.m in Sources */,
				FA9761731A3F9F7A00C99EAA /* main.m in Sources */,
				FA97617D1A3F9F7A00C99EAA /* millionaireViewController.m in Sources */,
			);
			runOnlyForDeploymentPostprocessing = 0;
		};
		FA9761801A3F9F7A00C99EAA /* Sources */ = {
			isa = PBXSourcesBuildPhase;
			buildActionMask = 2147483647;
			files = (
				FA9761921A3F9F7A00C99EAA /* millionaireTests.m in Sources */,
			);
			runOnlyForDeploymentPostprocessing = 0;
		};
/* End PBXSourcesBuildPhase section */

/* Begin PBXTargetDependency section */
		FA97618A1A3F9F7A00C99EAA /* PBXTargetDependency */ = {
			isa = PBXTargetDependency;
			target = FA9761621A3F9F7A00C99EAA /* millionaire */;
			targetProxy = FA9761891A3F9F7A00C99EAA /* PBXContainerItemProxy */;
		};
/* End PBXTargetDependency section */

/* Begin PBXVariantGroup section */
		FA97616F1A3F9F7A00C99EAA /* InfoPlist.strings */ = {
			isa = PBXVariantGroup;
			children = (
				FA9761701A3F9F7A00C99EAA /* en */,
			);
			name = InfoPlist.strings;
			sourceTree = "<group>";
		};
		FA9761781A3F9F7A00C99EAA /* Main.storyboard */ = {
			isa = PBXVariantGroup;
			children = (
				FA9761791A3F9F7A00C99EAA /* Base */,
			);
			name = Main.storyboard;
			sourceTree = "<group>";
		};
		FA97618E1A3F9F7A00C99EAA /* InfoPlist.strings */ = {
			isa = PBXVariantGroup;
			children = (
				FA97618F1A3F9F7A00C99EAA /* en */,
			);
			name = InfoPlist.strings;
			sourceTree = "<group>";
		};
/* End PBXVariantGroup section */

/* Begin XCBuildConfiguration section */
		FA9761931A3F9F7A00C99EAA /* Debug */ = {
			isa = XCBuildConfiguration;
			buildSettings = {
				ALWAYS_SEARCH_USER_PATHS = NO;
				CLANG_CXX_LANGUAGE_STANDARD = "gnu++0x";
				CLANG_CXX_LIBRARY = "libc++";
				CLANG_ENABLE_MODULES = YES;
				CLANG_ENABLE_OBJC_ARC = YES;
				CLANG_WARN_BOOL_CONVERSION = YES;
				CLANG_WARN_CONSTANT_CONVERSION = YES;
				CLANG_WARN_DIRECT_OBJC_ISA_USAGE = YES_ERROR;
				CLANG_WARN_EMPTY_BODY = YES;
				CLANG_WARN_ENUM_CONVERSION = YES;
				CLANG_WARN_INT_CONVERSION = YES;
				CLANG_WARN_OBJC_ROOT_CLASS = YES_ERROR;
				CLANG_WARN__DUPLICATE_METHOD_MATCH = YES;
				"CODE_SIGN_IDENTITY[sdk=iphoneos*]" = "iPhone Developer";
				COPY_PHASE_STRIP = NO;
				GCC_C_LANGUAGE_STANDARD = gnu99;
				GCC_DYNAMIC_NO_PIC = NO;
				GCC_OPTIMIZATION_LEVEL = 0;
				GCC_PREPROCESSOR_DEFINITIONS = (
					"DEBUG=1",
					"$(inherited)",
				);
				GCC_SYMBOLS_PRIVATE_EXTERN = NO;
				GCC_WARN_64_TO_32_BIT_CONVERSION = YES;
				GCC_WARN_ABOUT_RETURN_TYPE = YES_ERROR;
				GCC_WARN_UNDECLARED_SELECTOR = YES;
				GCC_WARN_UNINITIALIZED_AUTOS = YES_AGGRESSIVE;
				GCC_WARN_UNUSED_FUNCTION = YES;
				GCC_WARN_UNUSED_VARIABLE = YES;
				IPHONEOS_DEPLOYMENT_TARGET = 7.1;
				ONLY_ACTIVE_ARCH = YES;
				SDKROOT = iphoneos;
			};
			name = Debug;
		};
		FA9761941A3F9F7A00C99EAA /* Release */ = {
			isa = XCBuildConfiguration;
			buildSettings = {
				ALWAYS_SEARCH_USER_PATHS = NO;
				CLANG_CXX_LANGUAGE_STANDARD = "gnu++0x";
				CLANG_CXX_LIBRARY = "libc++";
				CLANG_ENABLE_MODULES = YES;
				CLANG_ENABLE_OBJC_ARC = YES;
				CLANG_WARN_BOOL_CONVERSION = YES;
				CLANG_WARN_CONSTANT_CONVERSION = YES;
				CLANG_WARN_DIRECT_OBJC_ISA_USAGE = YES_ERROR;
				CLANG_WARN_EMPTY_BODY = YES;
				CLANG_WARN_ENUM_CONVERSION = YES;
				CLANG_WARN_INT_CONVERSION = YES;
				CLANG_WARN_OBJC_ROOT_CLASS = YES_ERROR;
				CLANG_WARN__DUPLICATE_METHOD_MATCH = YES;
				"CODE_SIGN_IDENTITY[sdk=iphoneos*]" = "iPhone Developer";
				COPY_PHASE_STRIP = YES;
				ENABLE_NS_ASSERTIONS = NO;
				GCC_C_LANGUAGE_STANDARD = gnu99;
				GCC_WARN_64_TO_32_BIT_CONVERSION = YES;
				GCC_WARN_ABOUT_RETURN_TYPE = YES_ERROR;
				GCC_WARN_UNDECLARED_SELECTOR = YES;
				GCC_WARN_UNINITIALIZED_AUTOS = YES_AGGRESSIVE;
				GCC_WARN_UNUSED_FUNCTION = YES;
				GCC_WARN_UNUSED_VARIABLE = YES;
				IPHONEOS_DEPLOYMENT_TARGET = 7.1;
				SDKROOT = iphoneos;
				VALIDATE_PRODUCT = YES;
			};
			name = Release;
		};
		FA9761961A3F9F7A00C99EAA /* Debug */ = {
			isa = XCBuildConfiguration;
			buildSettings = {
				ASSETCATALOG_COMPILER_APPICON_NAME = AppIcon;
				ASSETCATALOG_COMPILER_LAUNCHIMAGE_NAME = LaunchImage;
				GCC_PRECOMPILE_PREFIX_HEADER = YES;
				GCC_PREFIX_HEADER = "millionaire/millionaire-Prefix.pch";
				INFOPLIST_FILE = "millionaire/millionaire-Info.plist";
				PRODUCT_NAME = "$(TARGET_NAME)";
				WRAPPER_EXTENSION = app;
			};
			name = Debug;
		};
		FA9761971A3F9F7A00C99EAA /* Release */ = {
			isa = XCBuildConfiguration;
			buildSettings = {
				ASSETCATALOG_COMPILER_APPICON_NAME = AppIcon;
				ASSETCATALOG_COMPILER_LAUNCHIMAGE_NAME = LaunchImage;
				GCC_PRECOMPILE_PREFIX_HEADER = YES;
				GCC_PREFIX_HEADER = "millionaire/millionaire-Prefix.pch";
				INFOPLIST_FILE = "millionaire/millionaire-Info.plist";
				PRODUCT_NAME = "$(TARGET_NAME)";
				WRAPPER_EXTENSION = app;
			};
			name = Release;
		};
		FA9761991A3F9F7A00C99EAA /* Debug */ = {
			isa = XCBuildConfiguration;
			buildSettings = {
				BUNDLE_LOADER = "$(BUILT_PRODUCTS_DIR)/millionaire.app/millionaire";
				FRAMEWORK_SEARCH_PATHS = (
					"$(SDKROOT)/Developer/Library/Frameworks",
					"$(inherited)",
					"$(DEVELOPER_FRAMEWORKS_DIR)",
				);
				GCC_PRECOMPILE_PREFIX_HEADER = YES;
				GCC_PREFIX_HEADER = "millionaire/millionaire-Prefix.pch";
				GCC_PREPROCESSOR_DEFINITIONS = (
					"DEBUG=1",
					"$(inherited)",
				);
				INFOPLIST_FILE = "millionaireTests/millionaireTests-Info.plist";
				PRODUCT_NAME = "$(TARGET_NAME)";
				TEST_HOST = "$(BUNDLE_LOADER)";
				WRAPPER_EXTENSION = xctest;
			};
			name = Debug;
		};
		FA97619A1A3F9F7A00C99EAA /* Release */ = {
			isa = XCBuildConfiguration;
			buildSettings = {
				BUNDLE_LOADER = "$(BUILT_PRODUCTS_DIR)/millionaire.app/millionaire";
				FRAMEWORK_SEARCH_PATHS = (
					"$(SDKROOT)/Developer/Library/Frameworks",
					"$(inherited)",
					"$(DEVELOPER_FRAMEWORKS_DIR)",
				);
				GCC_PRECOMPILE_PREFIX_HEADER = YES;
				GCC_PREFIX_HEADER = "millionaire/millionaire-Prefix.pch";
				INFOPLIST_FILE = "millionaireTests/millionaireTests-Info.plist";
				PRODUCT_NAME = "$(TARGET_NAME)";
				TEST_HOST = "$(BUNDLE_LOADER)";
				WRAPPER_EXTENSION = xctest;
			};
			name = Release;
		};
/* End XCBuildConfiguration section */

/* Begin XCConfigurationList section */
		FA97615E1A3F9F7A00C99EAA /* Build configuration list for PBXProject "millionaire" */ = {
			isa = XCConfigurationList;
			buildConfigurations = (
				FA9761931A3F9F7A00C99EAA /* Debug */,
				FA9761941A3F9F7A00C99EAA /* Release */,
			);
			defaultConfigurationIsVisible = 0;
			defaultConfigurationName = Release;
		};
		FA9761951A3F9F7A00C99EAA /* Build configuration list for PBXNativeTarget "millionaire" */ = {
			isa = XCConfigurationList;
			buildConfigurations = (
				FA9761961A3F9F7A00C99EAA /* Debug */,
				FA9761971A3F9F7A00C99EAA /* Release */,
			);
			defaultConfigurationIsVisible = 0;
		};
		FA9761981A3F9F7A00C99EAA /* Build configuration list for PBXNativeTarget "millionaireTests" */ = {
			isa = XCConfigurationList;
			buildConfigurations = (
				FA9761991A3F9F7A00C99EAA /* Debug */,
				FA97619A1A3F9F7A00C99EAA /* Release */,
			);
			defaultConfigurationIsVisible = 0;
		};
/* End XCConfigurationList section */
	};
	rootObject = FA97615B1A3F9F7A00C99EAA /* Project object */;
}
